# THIS IS AN AUTOGENERATED FILE. DO NOT EDIT THIS FILE DIRECTLY.
# yarn lockfile v1


react-fast-compare@^3.2.0:
  version "3.2.0"
  resolved "https://registry.yarnpkg.com/react-fast-compare/-/react-fast-compare-3.2.0.tgz#641a9da81b6a6320f270e89724fb45a0b39e43bb"
  integrity sha512-rtGImPZ0YyLrscKI9xTpV8psd6I8VAtjKCzQDlzyDvqJA8XOW78TXYQwNRNd8g8JZnDu8q9Fu/1v4HPAVwVdHA==

react-snowfall@^1.1.0:
  version "1.1.0"
  resolved "https://registry.yarnpkg.com/react-snowfall/-/react-snowfall-1.1.0.tgz#96f5ecfacc67677c78f47170c1fda57c934f9961"
  integrity sha512-AhV9EIuOIvYM2XJFpYaEZCqcS4XUmNwsOfImZhzQQ4DTcYuJwJJAehQn6eaCfu3uMPtwb6Ya6musAD7s4BkFZA==
  dependencies:
    react-fast-compare "^3.2.0"
